
Microsoft Visual Studio Solution File, Format Version 12.00
# Visual Studio 2013
VisualStudioVersion = 12.0.31101.0
MinimumVisualStudioVersion = 10.0.40219.1
Project("{FAE04EC0-301F-11D3-BF4B-00C04F79EFBC}") = "PasswordHash", "PasswordHash\PasswordHash.csproj", "{637C9340-EB32-4ACD-8AF0-1D3C675397F7}"
EndProject
Project("{FAE04EC0-301F-11D3-BF4B-00C04F79EFBC}") = "PasswordHash.Test", "PasswordHash.Test\PasswordHash.Test.csproj", "{D0716C3A-BD09-4C68-8E7D-F96D15F54A30}"
EndProject
Global
	GlobalSection(SolutionConfigurationPlatforms) = preSolution
		Debug|Any CPU = Debug|Any CPU
		Release|Any CPU = Release|Any CPU
	EndGlobalSection
	GlobalSection(ProjectConfigurationPlatforms) = postSolution
		{637C9340-EB32-4ACD-8AF0-1D3C675397F7}.Debug|Any CPU.ActiveCfg = Debug|Any CPU
		{637C9340-EB32-4ACD-8AF0-1D3C675397F7}.Debug|Any CPU.Build.0 = Debug|Any CPU
		{637C9340-EB32-4ACD-8AF0-1D3C675397F7}.Release|Any CPU.ActiveCfg = Release|Any CPU
		{637C9340-EB32-4ACD-8AF0-1D3C675397F7}.Release|Any CPU.Build.0 = Release|Any CPU
		{D0716C3A-BD09-4C68-8E7D-F96D15F54A30}.Debug|Any CPU.ActiveCfg = Debug|Any CPU
		{D0716C3A-BD09-4C68-8E7D-F96D15F54A30}.Debug|Any CPU.Build.0 = Debug|Any CPU
		{D0716C3A-BD09-4C68-8E7D-F96D15F54A30}.Release|Any CPU.ActiveCfg = Release|Any CPU
		{D0716C3A-BD09-4C68-8E7D-F96D15F54A30}.Release|Any CPU.Build.0 = Release|Any CPU
	EndGlobalSection
	GlobalSection(SolutionProperties) = preSolution
		HideSolutionNode = FALSE
	EndGlobalSection
EndGlobal
